// !$*UTF8*$!
{
	archiveVersion = 1;
	classes = {
	};
	objectVersion = 46;
	objects = {

/* Begin PBXBuildFile section */
		363076461C297E0900D56CAD /* AppDelegate.swift in Sources */ = {isa = PBXBuildFile; fileRef = 363076451C297E0900D56CAD /* AppDelegate.swift */; };
		363076481C297E0900D56CAD /* ViewController.swift in Sources */ = {isa = PBXBuildFile; fileRef = 363076471C297E0900D56CAD /* ViewController.swift */; };
		3630764B1C297E0900D56CAD /* Main.storyboard in Resources */ = {isa = PBXBuildFile; fileRef = 363076491C297E0900D56CAD /* Main.storyboard */; };
		3630764D1C297E0900D56CAD /* Assets.xcassets in Resources */ = {isa = PBXBuildFile; fileRef = 3630764C1C297E0900D56CAD /* Assets.xcassets */; };
		363076501C297E0900D56CAD /* LaunchScreen.storyboard in Resources */ = {isa = PBXBuildFile; fileRef = 3630764E1C297E0900D56CAD /* LaunchScreen.storyboard */; };
		363076581C297F0600D56CAD /* OriginalCell.swift in Sources */ = {isa = PBXBuildFile; fileRef = 363076571C297F0600D56CAD /* OriginalCell.swift */; };
		3630765A1C297F1E00D56CAD /* Colors.swift in Sources */ = {isa = PBXBuildFile; fileRef = 363076591C297F1E00D56CAD /* Colors.swift */; };
		3630765D1C297F6B00D56CAD /* RippleAnimation.swift in Sources */ = {isa = PBXBuildFile; fileRef = 3630765C1C297F6B00D56CAD /* RippleAnimation.swift */; };
/* End PBXBuildFile section */

/* Begin PBXFileReference section */
		363076421C297E0900D56CAD /* Demo.app */ = {isa = PBXFileReference; explicitFileType = wrapper.application; includeInIndex = 0; path = Demo.app; sourceTree = BUILT_PRODUCTS_DIR; };
		363076451C297E0900D56CAD /* AppDelegate.swift */ = {isa = PBXFileReference; lastKnownFileType = sourcecode.swift; path = AppDelegate.swift; sourceTree = "<group>"; };
		363076471C297E0900D56CAD /* ViewController.swift */ = {isa = PBXFileReference; lastKnownFileType = sourcecode.swift; path = ViewController.swift; sourceTree = "<group>"; };
		3630764A1C297E0900D56CAD /* Base */ = {isa = PBXFileReference; lastKnownFileType = file.storyboard; name = Base; path = Base.lproj/Main.storyboard; sourceTree = "<group>"; };
		3630764C1C297E0900D56CAD /* Assets.xcassets */ = {isa = PBXFileReference; lastKnownFileType = folder.assetcatalog; path = Assets.xcassets; sourceTree = "<group>"; };
		3630764F1C297E0900D56CAD /* Base */ = {isa = PBXFileReference; lastKnownFileType = file.storyboard; name = Base; path = Base.lproj/LaunchScreen.storyboard; sourceTree = "<group>"; };
		363076511C297E0900D56CAD /* Info.plist */ = {isa = PBXFileReference; lastKnownFileType = text.plist.xml; path = Info.plist; sourceTree = "<group>"; };
		363076571C297F0600D56CAD /* OriginalCell.swift */ = {isa = PBXFileReference; fileEncoding = 4; lastKnownFileType = sourcecode.swift; path = OriginalCell.swift; sourceTree = "<group>"; };
		363076591C297F1E00D56CAD /* Colors.swift */ = {isa = PBXFileReference; fileEncoding = 4; lastKnownFileType = sourcecode.swift; path = Colors.swift; sourceTree = "<group>"; };
		3630765C1C297F6B00D56CAD /* RippleAnimation.swift */ = {isa = PBXFileReference; fileEncoding = 4; lastKnownFileType = sourcecode.swift; name = RippleAnimation.swift; path = ../../RippleAnimation/RippleAnimation.swift; sourceTree = "<group>"; };
/* End PBXFileReference section */

/* Begin PBXFrameworksBuildPhase section */
		3630763F1C297E0900D56CAD /* Frameworks */ = {
			isa = PBXFrameworksBuildPhase;
			buildActionMask = 2147483647;
			files = (
			);
			runOnlyForDeploymentPostprocessing = 0;
		};
/* End PBXFrameworksBuildPhase section */

/* Begin PBXGroup section */
		363076391C297E0900D56CAD = {
			isa = PBXGroup;
			children = (
				363076441C297E0900D56CAD /* Demo */,
				3630765B1C297F5800D56CAD /* RippleAnimation */,
				363076431C297E0900D56CAD /* Products */,
			);
			sourceTree = "<group>";
		};
		363076431C297E0900D56CAD /* Products */ = {
			isa = PBXGroup;
			children = (
				363076421C297E0900D56CAD /* Demo.app */,
			);
			name = Products;
			sourceTree = "<group>";
		};
		363076441C297E0900D56CAD /* Demo */ = {
			isa = PBXGroup;
			children = (
				363076451C297E0900D56CAD /* AppDelegate.swift */,
				363076471C297E0900D56CAD /* ViewController.swift */,
				363076571C297F0600D56CAD /* OriginalCell.swift */,
				363076591C297F1E00D56CAD /* Colors.swift */,
				363076491C297E0900D56CAD /* Main.storyboard */,
				3630764C1C297E0900D56CAD /* Assets.xcassets */,
				3630764E1C297E0900D56CAD /* LaunchScreen.storyboard */,
				363076511C297E0900D56CAD /* Info.plist */,
			);
			path = Demo;
			sourceTree = "<group>";
		};
		3630765B1C297F5800D56CAD /* RippleAnimation */ = {
			isa = PBXGroup;
			children = (
				3630765C1C297F6B00D56CAD /* RippleAnimation.swift */,
			);
			name = RippleAnimation;
			path = Demo;
			sourceTree = "<group>";
		};
/* End PBXGroup section */

/* Begin PBXNativeTarget section */
		363076411C297E0900D56CAD /* Demo */ = {
			isa = PBXNativeTarget;
			buildConfigurationList = 363076541C297E0900D56CAD /* Build configuration list for PBXNativeTarget "Demo" */;
			buildPhases = (
				3630763E1C297E0900D56CAD /* Sources */,
				3630763F1C297E0900D56CAD /* Frameworks */,
				363076401C297E0900D56CAD /* Resources */,
			);
			buildRules = (
			);
			dependencies = (
			);
			name = Demo;
			productName = Demo;
			productReference = 363076421C297E0900D56CAD /* Demo.app */;
			productType = "com.apple.product-type.application";
		};
/* End PBXNativeTarget section */

/* Begin PBXProject section */
		3630763A1C297E0900D56CAD /* Project object */ = {
			isa = PBXProject;
			attributes = {
				LastSwiftUpdateCheck = 0710;
				LastUpgradeCheck = 0710;
				ORGANIZATIONNAME = MotokiNarita;
				TargetAttributes = {
					363076411C297E0900D56CAD = {
						CreatedOnToolsVersion = 7.1.1;
					};
				};
			};
			buildConfigurationList = 3630763D1C297E0900D56CAD /* Build configuration list for PBXProject "Demo" */;
			compatibilityVersion = "Xcode 3.2";
			developmentRegion = English;
			hasScannedForEncodings = 0;
			knownRegions = (
				en,
				Base,
			);
			mainGroup = 363076391C297E0900D56CAD;
			productRefGroup = 363076431C297E0900D56CAD /* Products */;
			projectDirPath = "";
			projectRoot = "";
			targets = (
				363076411C297E0900D56CAD /* Demo */,
			);
		};
/* End PBXProject section */

/* Begin PBXResourcesBuildPhase section */
		363076401C297E0900D56CAD /* Resources */ = {
			isa = PBXResourcesBuildPhase;
			buildActionMask = 2147483647;
			files = (
				363076501C297E0900D56CAD /* LaunchScreen.storyboard in Resources */,
				3630764D1C297E0900D56CAD /* Assets.xcassets in Resources */,
				3630764B1C297E0900D56CAD /* Main.storyboard in Resources */,
			);
			runOnlyForDeploymentPostprocessing = 0;
		};
/* End PBXResourcesBuildPhase section */

/* Begin PBXSourcesBuildPhase section */
		3630763E1C297E0900D56CAD /* Sources */ = {
			isa = PBXSourcesBuildPhase;
			buildActionMask = 2147483647;
			files = (
				3630765D1C297F6B00D56CAD /* RippleAnimation.swift in Sources */,
				363076481C297E0900D56CAD /* ViewController.swift in Sources */,
				3630765A1C297F1E00D56CAD /* Colors.swift in Sources */,
				363076461C297E0900D56CAD /* AppDelegate.swift in Sources */,
				363076581C297F0600D56CAD /* OriginalCell.swift in Sources */,
			);
			runOnlyForDeploymentPostprocessing = 0;
		};
/* End PBXSourcesBuildPhase section */

/* Begin PBXVariantGroup section */
		363076491C297E0900D56CAD /* Main.storyboard */ = {
			isa = PBXVariantGroup;
			children = (
				3630764A1C297E0900D56CAD /* Base */,
			);
			name = Main.storyboard;
			sourceTree = "<group>";
		};
		3630764E1C297E0900D56CAD /* LaunchScreen.storyboard */ = {
			isa = PBXVariantGroup;
			children = (
				3630764F1C297E0900D56CAD /* Base */,
			);
			name = LaunchScreen.storyboard;
			sourceTree = "<group>";
		};
/* End PBXVariantGroup section */

/* Begin XCBuildConfiguration section */
		363076521C297E0900D56CAD /* Debug */ = {
			isa = XCBuildConfiguration;
			buildSettings = {
				ALWAYS_SEARCH_USER_PATHS = NO;
				CLANG_CXX_LANGUAGE_STANDARD = "gnu++0x";
				CLANG_CXX_LIBRARY = "libc++";
				CLANG_ENABLE_MODULES = YES;
				CLANG_ENABLE_OBJC_ARC = YES;
				CLANG_WARN_BOOL_CONVERSION = YES;
				CLANG_WARN_CONSTANT_CONVERSION = YES;
				CLANG_WARN_DIRECT_OBJC_ISA_USAGE = YES_ERROR;
				CLANG_WARN_EMPTY_BODY = YES;
				CLANG_WARN_ENUM_CONVERSION = YES;
				CLANG_WARN_INT_CONVERSION = YES;
				CLANG_WARN_OBJC_ROOT_CLASS = YES_ERROR;
				CLANG_WARN_UNREACHABLE_CODE = YES;
				CLANG_WARN__DUPLICATE_METHOD_MATCH = YES;
				"CODE_SIGN_IDENTITY[sdk=iphoneos*]" = "iPhone Developer";
				COPY_PHASE_STRIP = NO;
				DEBUG_INFORMATION_FORMAT = dwarf;
				ENABLE_STRICT_OBJC_MSGSEND = YES;
				ENABLE_TESTABILITY = YES;
				GCC_C_LANGUAGE_STANDARD = gnu99;
				GCC_DYNAMIC_NO_PIC = NO;
				GCC_NO_COMMON_BLOCKS = YES;
				GCC_OPTIMIZATION_LEVEL = 0;
				GCC_PREPROCESSOR_DEFINITIONS = (
					"DEBUG=1",
					"$(inherited)",
				);
				GCC_WARN_64_TO_32_BIT_CONVERSION = YES;
				GCC_WARN_ABOUT_RETURN_TYPE = YES_ERROR;
				GCC_WARN_UNDECLARED_SELECTOR = YES;
				GCC_WARN_UNINITIALIZED_AUTOS = YES_AGGRESSIVE;
				GCC_WARN_UNUSED_FUNCTION = YES;
				GCC_WARN_UNUSED_VARIABLE = YES;
				IPHONEOS_DEPLOYMENT_TARGET = 9.1;
				MTL_ENABLE_DEBUG_INFO = YES;
				ONLY_ACTIVE_ARCH = YES;
				SDKROOT = iphoneos;
				SWIFT_OPTIMIZATION_LEVEL = "-Onone";
			};
			name = Debug;
		};
		363076531C297E0900D56CAD /* Release */ = {
			isa = XCBuildConfiguration;
			buildSettings = {
				ALWAYS_SEARCH_USER_PATHS = NO;
				CLANG_CXX_LANGUAGE_STANDARD = "gnu++0x";
				CLANG_CXX_LIBRARY = "libc++";
				CLANG_ENABLE_MODULES = YES;
				CLANG_ENABLE_OBJC_ARC = YES;
				CLANG_WARN_BOOL_CONVERSION = YES;
				CLANG_WARN_CONSTANT_CONVERSION = YES;
				CLANG_WARN_DIRECT_OBJC_ISA_USAGE = YES_ERROR;
				CLANG_WARN_EMPTY_BODY = YES;
				CLANG_WARN_ENUM_CONVERSION = YES;
				CLANG_WARN_INT_CONVERSION = YES;
				CLANG_WARN_OBJC_ROOT_CLASS = YES_ERROR;
				CLANG_WARN_UNREACHABLE_CODE = YES;
				CLANG_WARN__DUPLICATE_METHOD_MATCH = YES;
				"CODE_SIGN_IDENTITY[sdk=iphoneos*]" = "iPhone Developer";
				COPY_PHASE_STRIP = NO;
				DEBUG_INFORMATION_FORMAT = "dwarf-with-dsym";
				ENABLE_NS_ASSERTIONS = NO;
				ENABLE_STRICT_OBJC_MSGSEND = YES;
				GCC_C_LANGUAGE_STANDARD = gnu99;
				GCC_NO_COMMON_BLOCKS = YES;
				GCC_WARN_64_TO_32_BIT_CONVERSION = YES;
				GCC_WARN_ABOUT_RETURN_TYPE = YES_ERROR;
				GCC_WARN_UNDECLARED_SELECTOR = YES;
				GCC_WARN_UNINITIALIZED_AUTOS = YES_AGGRESSIVE;
				GCC_WARN_UNUSED_FUNCTION = YES;
				GCC_WARN_UNUSED_VARIABLE = YES;
				IPHONEOS_DEPLOYMENT_TARGET = 9.1;
				MTL_ENABLE_DEBUG_INFO = NO;
				SDKROOT = iphoneos;
				VALIDATE_PRODUCT = YES;
			};
			name = Release;
		};
		363076551C297E0900D56CAD /* Debug */ = {
			isa = XCBuildConfiguration;
			buildSettings = {
				ASSETCATALOG_COMPILER_APPICON_NAME = AppIcon;
				INFOPLIST_FILE = Demo/Info.plist;
				IPHONEOS_DEPLOYMENT_TARGET = 8.4;
				LD_RUNPATH_SEARCH_PATHS = "$(inherited) @executable_path/Frameworks";
				PRODUCT_BUNDLE_IDENTIFIER = com.wearable44.Demo;
				PRODUCT_NAME = "$(TARGET_NAME)";
			};
			name = Debug;
		};
		363076561C297E0900D56CAD /* Release */ = {
			isa = XCBuildConfiguration;
			buildSettings = {
				ASSETCATALOG_COMPILER_APPICON_NAME = AppIcon;
				INFOPLIST_FILE = Demo/Info.plist;
				IPHONEOS_DEPLOYMENT_TARGET = 8.4;
				LD_RUNPATH_SEARCH_PATHS = "$(inherited) @executable_path/Frameworks";
				PRODUCT_BUNDLE_IDENTIFIER = com.wearable44.Demo;
				PRODUCT_NAME = "$(TARGET_NAME)";
			};
			name = Release;
		};
/* End XCBuildConfiguration section */

/* Begin XCConfigurationList section */
		3630763D1C297E0900D56CAD /* Build configuration list for PBXProject "Demo" */ = {
			isa = XCConfigurationList;
			buildConfigurations = (
				363076521C297E0900D56CAD /* Debug */,
				363076531C297E0900D56CAD /* Release */,
			);
			defaultConfigurationIsVisible = 0;
			defaultConfigurationName = Release;
		};
		363076541C297E0900D56CAD /* Build configuration list for PBXNativeTarget "Demo" */ = {
			isa = XCConfigurationList;
			buildConfigurations = (
				363076551C297E0900D56CAD /* Debug */,
				363076561C297E0900D56CAD /* Release */,
			);
			defaultConfigurationIsVisible = 0;
			defaultConfigurationName = Release;
		};
/* End XCConfigurationList section */
	};
	rootObject = 3630763A1C297E0900D56CAD /* Project object */;
}
